
Microsoft Visual Studio Solution File, Format Version 12.00
# Visual Studio Version 16
VisualStudioVersion = 16.0.30503.244
MinimumVisualStudioVersion = 10.0.40219.1
Project("{FAE04EC0-301F-11D3-BF4B-00C04F79EFBC}") = "kr1", "kr1\kr1.csproj", "{67BE87AA-724D-413A-90CF-C3B284035A31}"
EndProject
Global
	GlobalSection(SolutionConfigurationPlatforms) = preSolution
		Debug|Any CPU = Debug|Any CPU
		Release|Any CPU = Release|Any CPU
	EndGlobalSection
	GlobalSection(ProjectConfigurationPlatforms) = postSolution
		{67BE87AA-724D-413A-90CF-C3B284035A31}.Debug|Any CPU.ActiveCfg = Debug|Any CPU
		{67BE87AA-724D-413A-90CF-C3B284035A31}.Debug|Any CPU.Build.0 = Debug|Any CPU
		{67BE87AA-724D-413A-90CF-C3B284035A31}.Release|Any CPU.ActiveCfg = Release|Any CPU
		{67BE87AA-724D-413A-90CF-C3B284035A31}.Release|Any CPU.Build.0 = Release|Any CPU
	EndGlobalSection
	GlobalSection(SolutionProperties) = preSolution
		HideSolutionNode = FALSE
	EndGlobalSection
	GlobalSection(ExtensibilityGlobals) = postSolution
		SolutionGuid = {AE4EECB4-BD67-4446-8DE6-7D825DDCBDC1}
	EndGlobalSection
EndGlobal
